lockVersion: 2.0.0
id: f53f5d6c-7984-4597-b722-4636a823353d
management:
  docChecksum: 9b5a54a2d12ba728ec2931e432066fca
  docVersion: 1.0.0
  speakeasyVersion: internal
  generationVersion: 2.258.0
  releaseVersion: 0.4.2
  configChecksum: 5a0cb82bf5498560c5e094e0f46cbb7c
  repoURL: https://github.com/speakeasy-sdks/gh-dev-sample-sdk.git
  repoSubDirectory: .
  installationURL: https://github.com/speakeasy-sdks/gh-dev-sample-sdk
features:
  typescript:
    core: 3.4.7
    globalSecurity: 2.82.2
    globalServerURLs: 2.82.1
    methodSecurity: 2.82.0
generatedFiles:
  - src/sdk/account.ts
  - src/sdk/buckets.ts
  - src/sdk/sharedenvironments.ts
  - src/sdk/messages.ts
  - src/sdk/tests.ts
  - src/sdk/testenvironments.ts
  - src/sdk/teststeps.ts
  - src/sdk/sdk.ts
  - .eslintrc.yml
  - jest.config.js
  - package-lock.json
  - package.json
  - src/index.ts
  - src/internal/utils/contenttype.ts
  - src/internal/utils/headers.ts
  - src/internal/utils/index.ts
  - src/internal/utils/pathparams.ts
  - src/internal/utils/queryparams.ts
  - src/internal/utils/requestbody.ts
  - src/internal/utils/retries.ts
  - src/internal/utils/security.ts
  - src/internal/utils/utils.ts
  - src/sdk/index.ts
  - src/sdk/models/errors/sdkerror.ts
  - src/sdk/types/index.ts
  - src/sdk/types/rfcdate.ts
  - tsconfig.json
  - src/sdk/models/operations/getaccount.ts
  - src/sdk/models/operations/getteamsteamidagents.ts
  - src/sdk/models/operations/getteamsteamidintegrations.ts
  - src/sdk/models/operations/getteamsteamidpeople.ts
  - src/sdk/models/operations/deletebucketsbucketkey.ts
  - src/sdk/models/operations/getbuckets.ts
  - src/sdk/models/operations/getbucketsbucketkey.ts
  - src/sdk/models/operations/postbuckets.ts
  - src/sdk/models/operations/getbucketsbucketkeyenvironments.ts
  - src/sdk/models/operations/postbucketsbucketkeyenvironments.ts
  - src/sdk/models/operations/putbucketsbucketkeyenvironmentsenvironmentid.ts
  - src/sdk/models/operations/deletebucketsbucketkeymessages.ts
  - src/sdk/models/operations/getbucketsbucketkeyerrors.ts
  - src/sdk/models/operations/getbucketsbucketkeymessages.ts
  - src/sdk/models/operations/getbucketsbucketkeymessagesmessageid.ts
  - src/sdk/models/operations/postbucketsbucketkeymessages.ts
  - src/sdk/models/operations/deletebucketsbucketkeyteststestid.ts
  - src/sdk/models/operations/getbucketsbucketkeytests.ts
  - src/sdk/models/operations/getbucketsbucketkeyteststestid.ts
  - src/sdk/models/operations/getbucketsbucketkeyteststestidmetrics.ts
  - src/sdk/models/operations/postbucketsbucketkeytests.ts
  - src/sdk/models/operations/putbucketsbucketkeyteststestid.ts
  - src/sdk/models/operations/getbucketsbucketkeyteststestidenvironments.ts
  - src/sdk/models/operations/postbucketsbucketkeyteststestidenvironments.ts
  - src/sdk/models/operations/putbucketsbucketkeyteststestidenvironmentsenvironmentid.ts
  - src/sdk/models/operations/deletebucketsbucketkeyteststestidstepsstepid.ts
  - src/sdk/models/operations/getbucketsbucketkeyteststestidsteps.ts
  - src/sdk/models/operations/postbucketsbucketkeyteststestidsteps.ts
  - src/sdk/models/operations/putbucketsbucketkeyteststestidstepsstepid.ts
  - src/sdk/models/shared/meta.ts
  - src/sdk/models/shared/account.ts
  - src/sdk/models/shared/team.ts
  - src/sdk/models/shared/error.ts
  - src/sdk/models/shared/agent.ts
  - src/sdk/models/shared/integration.ts
  - src/sdk/models/shared/bucket.ts
  - src/sdk/models/shared/newbucket.ts
  - src/sdk/models/shared/environment.ts
  - src/sdk/models/shared/newmessage.ts
  - src/sdk/models/shared/test.ts
  - src/sdk/models/shared/testdetail.ts
  - src/sdk/models/shared/schedule.ts
  - src/sdk/models/shared/metrics.ts
  - src/sdk/models/shared/error400.ts
  - src/sdk/models/shared/teststep.ts
  - src/sdk/models/shared/security.ts
  - src/sdk/models/errors/standarderror.ts
  - src/sdk/models/errors/index.ts
  - src/sdk/models/operations/index.ts
  - src/sdk/models/shared/index.ts
  - docs/sdk/models/operations/getaccountsecurity.md
  - docs/sdk/models/operations/getaccountresponsebody.md
  - docs/sdk/models/operations/getaccountresponse.md
  - docs/sdk/models/operations/getteamsteamidagentssecurity.md
  - docs/sdk/models/operations/getteamsteamidagentsrequest.md
  - docs/sdk/models/operations/getteamsteamidagentsresponse.md
  - docs/sdk/models/operations/getteamsteamidintegrationssecurity.md
  - docs/sdk/models/operations/getteamsteamidintegrationsrequest.md
  - docs/sdk/models/operations/getteamsteamidintegrationsresponsebody.md
  - docs/sdk/models/operations/getteamsteamidintegrationsresponse.md
  - docs/sdk/models/operations/getteamsteamidpeoplesecurity.md
  - docs/sdk/models/operations/getteamsteamidpeoplerequest.md
  - docs/sdk/models/operations/getteamsteamidpeopleresponse.md
  - docs/sdk/models/operations/deletebucketsbucketkeysecurity.md
  - docs/sdk/models/operations/deletebucketsbucketkeyrequest.md
  - docs/sdk/models/operations/deletebucketsbucketkeyresponse.md
  - docs/sdk/models/operations/getbucketssecurity.md
  - docs/sdk/models/operations/getbucketsresponsebody.md
  - docs/sdk/models/operations/getbucketsresponse.md
  - docs/sdk/models/operations/getbucketsbucketkeyrequest.md
  - docs/sdk/models/operations/getbucketsbucketkeyresponse.md
  - docs/sdk/models/operations/postbucketssecurity.md
  - docs/sdk/models/operations/postbucketsresponse.md
  - docs/sdk/models/operations/getbucketsbucketkeyenvironmentssecurity.md
  - docs/sdk/models/operations/getbucketsbucketkeyenvironmentsrequest.md
  - docs/sdk/models/operations/getbucketsbucketkeyenvironmentsresponse.md
  - docs/sdk/models/operations/postbucketsbucketkeyenvironmentssecurity.md
  - docs/sdk/models/operations/postbucketsbucketkeyenvironmentsrequest.md
  - docs/sdk/models/operations/postbucketsbucketkeyenvironmentsresponse.md
  - docs/sdk/models/operations/putbucketsbucketkeyenvironmentsenvironmentidsecurity.md
  - docs/sdk/models/operations/putbucketsbucketkeyenvironmentsenvironmentidrequest.md
  - docs/sdk/models/operations/putbucketsbucketkeyenvironmentsenvironmentidresponse.md
  - docs/sdk/models/operations/deletebucketsbucketkeymessagessecurity.md
  - docs/sdk/models/operations/deletebucketsbucketkeymessagesrequest.md
  - docs/sdk/models/operations/deletebucketsbucketkeymessagesresponse.md
  - docs/sdk/models/operations/getbucketsbucketkeyerrorsrequest.md
  - docs/sdk/models/operations/getbucketsbucketkeyerrorsresponse.md
  - docs/sdk/models/operations/getbucketsbucketkeymessagesrequest.md
  - docs/sdk/models/operations/getbucketsbucketkeymessagesresponse.md
  - docs/sdk/models/operations/getbucketsbucketkeymessagesmessageidrequest.md
  - docs/sdk/models/operations/getbucketsbucketkeymessagesmessageidresponse.md
  - docs/sdk/models/operations/postbucketsbucketkeymessagessecurity.md
  - docs/sdk/models/operations/postbucketsbucketkeymessagesrequest.md
  - docs/sdk/models/operations/errort.md
  - docs/sdk/models/operations/warning.md
  - docs/sdk/models/operations/data.md
  - docs/sdk/models/operations/meta.md
  - docs/sdk/models/operations/postbucketsbucketkeymessagesresponsebody.md
  - docs/sdk/models/operations/postbucketsbucketkeymessagesresponse.md
  - docs/sdk/models/operations/deletebucketsbucketkeyteststestidsecurity.md
  - docs/sdk/models/operations/deletebucketsbucketkeyteststestidrequest.md
  - docs/sdk/models/operations/deletebucketsbucketkeyteststestidresponse.md
  - docs/sdk/models/operations/getbucketsbucketkeytestssecurity.md
  - docs/sdk/models/operations/getbucketsbucketkeytestsrequest.md
  - docs/sdk/models/operations/getbucketsbucketkeytestsresponsebody.md
  - docs/sdk/models/operations/getbucketsbucketkeytestsresponse.md
  - docs/sdk/models/operations/getbucketsbucketkeyteststestidsecurity.md
  - docs/sdk/models/operations/getbucketsbucketkeyteststestidrequest.md
  - docs/sdk/models/operations/getbucketsbucketkeyteststestidresponse.md
  - docs/sdk/models/operations/getbucketsbucketkeyteststestidmetricssecurity.md
  - docs/sdk/models/operations/getbucketsbucketkeyteststestidmetricsrequest.md
  - docs/sdk/models/operations/getbucketsbucketkeyteststestidmetricsresponse.md
  - docs/sdk/models/operations/postbucketsbucketkeytestssecurity.md
  - docs/sdk/models/operations/postbucketsbucketkeytestsrequest.md
  - docs/sdk/models/operations/postbucketsbucketkeytestsresponsebody.md
  - docs/sdk/models/operations/postbucketsbucketkeytestsresponse.md
  - docs/sdk/models/operations/putbucketsbucketkeyteststestidsecurity.md
  - docs/sdk/models/operations/putbucketsbucketkeyteststestidrequest.md
  - docs/sdk/models/operations/putbucketsbucketkeyteststestidresponse.md
  - docs/sdk/models/operations/getbucketsbucketkeyteststestidenvironmentssecurity.md
  - docs/sdk/models/operations/getbucketsbucketkeyteststestidenvironmentsrequest.md
  - docs/sdk/models/operations/getbucketsbucketkeyteststestidenvironmentsresponsebody.md
  - docs/sdk/models/operations/getbucketsbucketkeyteststestidenvironmentsresponse.md
  - docs/sdk/models/operations/postbucketsbucketkeyteststestidenvironmentssecurity.md
  - docs/sdk/models/operations/postbucketsbucketkeyteststestidenvironmentsrequest.md
  - docs/sdk/models/operations/postbucketsbucketkeyteststestidenvironmentsresponse.md
  - docs/sdk/models/operations/putbucketsbucketkeyteststestidenvironmentsenvironmentidsecurity.md
  - docs/sdk/models/operations/putbucketsbucketkeyteststestidenvironmentsenvironmentidrequest.md
  - docs/sdk/models/operations/putbucketsbucketkeyteststestidenvironmentsenvironmentidresponse.md
  - docs/sdk/models/operations/deletebucketsbucketkeyteststestidstepsstepidsecurity.md
  - docs/sdk/models/operations/deletebucketsbucketkeyteststestidstepsstepidrequest.md
  - docs/sdk/models/operations/deletebucketsbucketkeyteststestidstepsstepidresponse.md
  - docs/sdk/models/operations/getbucketsbucketkeyteststestidstepssecurity.md
  - docs/sdk/models/operations/getbucketsbucketkeyteststestidstepsrequest.md
  - docs/sdk/models/operations/getbucketsbucketkeyteststestidstepsresponse.md
  - docs/sdk/models/operations/postbucketsbucketkeyteststestidstepssecurity.md
  - docs/sdk/models/operations/postbucketsbucketkeyteststestidstepsrequest.md
  - docs/sdk/models/operations/postbucketsbucketkeyteststestidstepsresponse.md
  - docs/sdk/models/operations/putbucketsbucketkeyteststestidstepsstepidsecurity.md
  - docs/sdk/models/operations/putbucketsbucketkeyteststestidstepsstepidrequest.md
  - docs/sdk/models/operations/putbucketsbucketkeyteststestidstepsstepidresponse.md
  - docs/sdk/models/shared/meta.md
  - docs/sdk/models/shared/account.md
  - docs/sdk/models/shared/team.md
  - docs/sdk/models/shared/errort.md
  - docs/sdk/models/shared/agent.md
  - docs/sdk/models/shared/integration.md
  - docs/sdk/models/shared/bucket.md
  - docs/sdk/models/shared/newbucket.md
  - docs/sdk/models/shared/emails.md
  - docs/sdk/models/shared/headers.md
  - docs/sdk/models/shared/initialvariables.md
  - docs/sdk/models/shared/environment.md
  - docs/sdk/models/shared/request.md
  - docs/sdk/models/shared/response.md
  - docs/sdk/models/shared/newmessage.md
  - docs/sdk/models/shared/createdby.md
  - docs/sdk/models/shared/lastrun.md
  - docs/sdk/models/shared/test.md
  - docs/sdk/models/shared/testdetailcreatedby.md
  - docs/sdk/models/shared/testdetaillastrun.md
  - docs/sdk/models/shared/steps.md
  - docs/sdk/models/shared/testdetail.md
  - docs/sdk/models/shared/schedule.md
  - docs/sdk/models/shared/changesfromlastperiod.md
  - docs/sdk/models/shared/responsetimes.md
  - docs/sdk/models/shared/thistimeperiod.md
  - docs/sdk/models/shared/metrics.md
  - docs/sdk/models/shared/error400.md
  - docs/sdk/models/shared/teststep.md
  - docs/sdk/models/shared/security.md
  - docs/sdk/models/errors/data.md
  - docs/sdk/models/errors/standarderror.md
  - docs/sdks/runscopeapi/README.md
  - docs/sdks/account/README.md
  - docs/sdks/buckets/README.md
  - docs/sdks/sharedenvironments/README.md
  - docs/sdks/messages/README.md
  - docs/sdks/tests/README.md
  - docs/sdks/testenvironments/README.md
  - docs/sdks/teststeps/README.md
  - USAGE.md
  - .gitattributes
